
Microsoft Visual Studio Solution File, Format Version 12.00
# Visual Studio Version 17
VisualStudioVersion = 17.14.36518.9 d17.14
MinimumVisualStudioVersion = 10.0.40219.1
Project("{FAE04EC0-301F-11D3-BF4B-00C04F79EFBC}") = "EVWarrantyManagement.UI", "EVWarrantyManagement\EVWarrantyManagement.UI.csproj", "{845667E7-975A-4119-94C8-843B99A3A9C2}"
EndProject
Project("{FAE04EC0-301F-11D3-BF4B-00C04F79EFBC}") = "EVWarrantyManagement.BLL", "EVWarrantyManagement.BLL\EVWarrantyManagement.BLL.csproj", "{575F74BE-8686-482F-A64F-D2B287623174}"
EndProject
Project("{FAE04EC0-301F-11D3-BF4B-00C04F79EFBC}") = "EVWarrantyManagement.DAL", "EVWarrantyManagement.DAL\EVWarrantyManagement.DAL.csproj", "{1578DC8F-8B2B-40A7-A9D5-6F97C97A359C}"
EndProject
Project("{FAE04EC0-301F-11D3-BF4B-00C04F79EFBC}") = "EVWarrantyManagement.BO", "EVWarrantyManagement.BO\EVWarrantyManagement.BO.csproj", "{D8C5ED55-29C3-412B-9005-224F71F2AE6D}"
EndProject
Global
	GlobalSection(SolutionConfigurationPlatforms) = preSolution
		Debug|Any CPU = Debug|Any CPU
		Release|Any CPU = Release|Any CPU
	EndGlobalSection
	GlobalSection(ProjectConfigurationPlatforms) = postSolution
		{845667E7-975A-4119-94C8-843B99A3A9C2}.Debug|Any CPU.ActiveCfg = Debug|Any CPU
		{845667E7-975A-4119-94C8-843B99A3A9C2}.Debug|Any CPU.Build.0 = Debug|Any CPU
		{845667E7-975A-4119-94C8-843B99A3A9C2}.Release|Any CPU.ActiveCfg = Release|Any CPU
		{845667E7-975A-4119-94C8-843B99A3A9C2}.Release|Any CPU.Build.0 = Release|Any CPU
		{575F74BE-8686-482F-A64F-D2B287623174}.Debug|Any CPU.ActiveCfg = Debug|Any CPU
		{575F74BE-8686-482F-A64F-D2B287623174}.Debug|Any CPU.Build.0 = Debug|Any CPU
		{575F74BE-8686-482F-A64F-D2B287623174}.Release|Any CPU.ActiveCfg = Release|Any CPU
		{575F74BE-8686-482F-A64F-D2B287623174}.Release|Any CPU.Build.0 = Release|Any CPU
		{1578DC8F-8B2B-40A7-A9D5-6F97C97A359C}.Debug|Any CPU.ActiveCfg = Debug|Any CPU
		{1578DC8F-8B2B-40A7-A9D5-6F97C97A359C}.Debug|Any CPU.Build.0 = Debug|Any CPU
		{1578DC8F-8B2B-40A7-A9D5-6F97C97A359C}.Release|Any CPU.ActiveCfg = Release|Any CPU
		{1578DC8F-8B2B-40A7-A9D5-6F97C97A359C}.Release|Any CPU.Build.0 = Release|Any CPU
		{D8C5ED55-29C3-412B-9005-224F71F2AE6D}.Debug|Any CPU.ActiveCfg = Debug|Any CPU
		{D8C5ED55-29C3-412B-9005-224F71F2AE6D}.Debug|Any CPU.Build.0 = Debug|Any CPU
		{D8C5ED55-29C3-412B-9005-224F71F2AE6D}.Release|Any CPU.ActiveCfg = Release|Any CPU
		{D8C5ED55-29C3-412B-9005-224F71F2AE6D}.Release|Any CPU.Build.0 = Release|Any CPU
	EndGlobalSection
	GlobalSection(SolutionProperties) = preSolution
		HideSolutionNode = FALSE
	EndGlobalSection
	GlobalSection(ExtensibilityGlobals) = postSolution
		SolutionGuid = {6FA88649-6862-4D89-96F5-2F2849F22C0F}
	EndGlobalSection
EndGlobal
